
Microsoft Visual Studio Solution File, Format Version 12.00
# Visual Studio Version 16
VisualStudioVersion = 16.0.29409.12
MinimumVisualStudioVersion = 10.0.40219.1
Project("{2150E333-8FDC-42A3-9474-1A3956D46DE8}") = "WinForms", "WinForms", "{808DA760-399E-40AC-A6EA-2229B0EEC6E6}"
EndProject
Project("{2150E333-8FDC-42A3-9474-1A3956D46DE8}") = "WPF", "WPF", "{594FEA26-AC2E-4034-B7B6-6235565C8CA4}"
EndProject
Project("{2150E333-8FDC-42A3-9474-1A3956D46DE8}") = "XamarinForms", "XamarinForms", "{2E96F55B-C0E2-415F-ADA4-E2136453541B}"
EndProject
Project("{2150E333-8FDC-42A3-9474-1A3956D46DE8}") = "MVC", "MVC", "{C4BCC20D-23EA-4A1D-8979-D3B75BBD08D5}"
EndProject
Project("{9A19103F-16F7-4668-BE54-9A1E7A4F7556}") = "JToolbox.Core", "JToolbox.Core\JToolbox.Core.csproj", "{8DBEE967-3286-4CDA-9FCB-9539346E55F7}"
EndProject
Project("{9A19103F-16F7-4668-BE54-9A1E7A4F7556}") = "JToolbox.XamarinForms.Core", "XamarinForms\JToolbox.XamarinForms.Core\JToolbox.XamarinForms.Core.csproj", "{96B36DCD-DC5C-4FB9-B967-D6748AFE5563}"
EndProject
Project("{9A19103F-16F7-4668-BE54-9A1E7A4F7556}") = "JToolbox.XamarinForms.Dialogs", "XamarinForms\JToolbox.XamarinForms.Dialogs\JToolbox.XamarinForms.Dialogs.csproj", "{F83D8AD5-9A6C-43B5-ABE6-7F9E1AC53283}"
EndProject
Project("{9A19103F-16F7-4668-BE54-9A1E7A4F7556}") = "JToolbox.XamarinForms.Logging", "XamarinForms\JToolbox.XamarinForms.Logging\JToolbox.XamarinForms.Logging.csproj", "{7314B3A3-2094-449C-A38B-2FD3DB908167}"
EndProject
Project("{9A19103F-16F7-4668-BE54-9A1E7A4F7556}") = "JToolbox.XamarinForms.Permissions", "XamarinForms\JToolbox.XamarinForms.Permissions\JToolbox.XamarinForms.Permissions.csproj", "{D4B3F73C-29FD-40A7-9508-34C980DD2E29}"
EndProject
Project("{9A19103F-16F7-4668-BE54-9A1E7A4F7556}") = "JToolbox.XamarinForms.Settings", "XamarinForms\JToolbox.XamarinForms.Settings\JToolbox.XamarinForms.Settings.csproj", "{547023B9-8E27-479E-B0D3-D4BF87864728}"
EndProject
Project("{FAE04EC0-301F-11D3-BF4B-00C04F79EFBC}") = "JToolbox.WinForms.Core", "WinForms\JToolbox.WinForms.Core\JToolbox.WinForms.Core.csproj", "{DBAD9875-65DC-4A88-B8D5-CAF261BC28DC}"
EndProject
Project("{FAE04EC0-301F-11D3-BF4B-00C04F79EFBC}") = "JToolbox.WPF.Core", "WPF\JToolbox.WPF.Core\JToolbox.WPF.Core.csproj", "{56BEE9B3-2FCB-46E7-A837-D07F0BFCBD98}"
EndProject
Project("{FAE04EC0-301F-11D3-BF4B-00C04F79EFBC}") = "JToolbox.WPF.UI", "WPF\JToolbox.WPF.UI\JToolbox.WPF.UI.csproj", "{9594D7EE-C5D6-4F07-8F3E-63B7C83E21D0}"
EndProject
Project("{FAE04EC0-301F-11D3-BF4B-00C04F79EFBC}") = "JToolbox.WPF.Windows", "WPF\JToolbox.WPF.Windows\JToolbox.WPF.Windows.csproj", "{44CE1158-08AB-452E-ABCD-C6E305E1A01A}"
EndProject
Project("{FAE04EC0-301F-11D3-BF4B-00C04F79EFBC}") = "JToolbox.Desktop.Core", "Desktop\JToolbox.Desktop.Core\JToolbox.Desktop.Core.csproj", "{F91C51E8-EEE9-405D-8D53-1BD1A8B462A9}"
EndProject
Project("{FAE04EC0-301F-11D3-BF4B-00C04F79EFBC}") = "JToolbox.WPF.PrismCore", "WPF\JToolbox.WPF.PrismCore\JToolbox.WPF.PrismCore.csproj", "{236252FE-AA5D-434F-87EA-1342C5B6E3B9}"
EndProject
Project("{9A19103F-16F7-4668-BE54-9A1E7A4F7556}") = "JToolbox.Serializers", "Misc\JToolbox.Serializers\JToolbox.Serializers.csproj", "{13B155D2-6DB7-4D91-905A-A1162F8585CC}"
EndProject
Project("{9A19103F-16F7-4668-BE54-9A1E7A4F7556}") = "JToolbox.Logging", "Misc\JToolbox.Logging\JToolbox.Logging.csproj", "{50535EF8-BCD8-44E9-8284-260A6B6D07AC}"
EndProject
Project("{FAE04EC0-301F-11D3-BF4B-00C04F79EFBC}") = "JToolbox.MVC.Core", "MVC\JToolbox.MVC.Core\JToolbox.MVC.Core.csproj", "{CF99A19A-340B-422A-ACDE-7FA570C3FD28}"
EndProject
Project("{FAE04EC0-301F-11D3-BF4B-00C04F79EFBC}") = "JToolbox.Desktop.Dialogs", "Desktop\JToolbox.Desktop.Dialogs\JToolbox.Desktop.Dialogs.csproj", "{7519097D-59FF-4717-A043-C083A7AA9A5D}"
EndProject
Project("{FAE04EC0-301F-11D3-BF4B-00C04F79EFBC}") = "JToolbox.AppConfig", "Misc\JToolbox.AppConfig\JToolbox.AppConfig.csproj", "{7ACE141D-B773-41AB-A8DC-467D98A4C821}"
EndProject
Project("{FAE04EC0-301F-11D3-BF4B-00C04F79EFBC}") = "JToolbox.WCF", "Misc\JToolbox.WCF\JToolbox.WCF.csproj", "{F49D9D79-F249-4F1B-A421-3958643C24D3}"
EndProject
Project("{2150E333-8FDC-42A3-9474-1A3956D46DE8}") = "Desktop", "Desktop", "{59910F8D-01EB-4ADD-8304-F477A5164232}"
EndProject
Project("{2150E333-8FDC-42A3-9474-1A3956D46DE8}") = "Misc", "Misc", "{15AB325A-A9D7-43D9-910F-457DBB7C44BF}"
EndProject
Project("{9A19103F-16F7-4668-BE54-9A1E7A4F7556}") = "JToolbox.NetworkTools", "Misc\JToolbox.NetworkTools\JToolbox.NetworkTools.csproj", "{6C758E94-49F4-44DF-9EED-CCAEE56422F0}"
EndProject
Project("{FAE04EC0-301F-11D3-BF4B-00C04F79EFBC}") = "JToolbox.XamarinForms.Droid.Core", "XamarinForms\JToolbox.XamarinForms.Droid.Core\JToolbox.XamarinForms.Droid.Core.csproj", "{1EEC6070-FF4C-4DF1-B831-C615A95E8484}"
EndProject
Project("{9A19103F-16F7-4668-BE54-9A1E7A4F7556}") = "JToolbox.XamarinForms.Themes", "XamarinForms\JToolbox.XamarinForms.Themes\JToolbox.XamarinForms.Themes.csproj", "{6E0E9FB7-8FF0-436A-9873-177E6FD1917C}"
EndProject
Project("{9A19103F-16F7-4668-BE54-9A1E7A4F7556}") = "JToolbox.XamarinForms.UI", "XamarinForms\JToolbox.XamarinForms.UI\JToolbox.XamarinForms.UI.csproj", "{2D5C04E5-A948-4D05-969A-B186EAFA9947}"
EndProject
Project("{2150E333-8FDC-42A3-9474-1A3956D46DE8}") = "_Examples", "_Examples", "{A0178720-9333-4457-A2F3-65C5F4E3BB42}"
EndProject
Project("{2150E333-8FDC-42A3-9474-1A3956D46DE8}") = "WCF", "WCF", "{6215D2AB-45BD-49DD-9C3D-0B7C36FB4350}"
EndProject
Project("{FAE04EC0-301F-11D3-BF4B-00C04F79EFBC}") = "WCFExample.Common", "_Examples\WCF\WCFExample.Common\WCFExample.Common.csproj", "{CBB3483C-E930-4377-B249-84E58167FA19}"
EndProject
Project("{FAE04EC0-301F-11D3-BF4B-00C04F79EFBC}") = "WCFExample.TestServer", "_Examples\WCF\WCFExample.TestServer\WCFExample.TestServer.csproj", "{28DB81D4-1F5E-407A-966C-3F3922C9D586}"
EndProject
Project("{FAE04EC0-301F-11D3-BF4B-00C04F79EFBC}") = "WCFExample.TestClient", "_Examples\WCF\WCFExample.TestClient\WCFExample.TestClient.csproj", "{30A70E94-E5C1-43AE-A085-0B162228D1AB}"
EndProject
Project("{FAE04EC0-301F-11D3-BF4B-00C04F79EFBC}") = "JToolbox.SysInformation", "Misc\JToolbox.SysInformation\JToolbox.SysInformation.csproj", "{D709E177-61B4-4761-9A5D-0DB55EAFE48D}"
EndProject
Project("{FAE04EC0-301F-11D3-BF4B-00C04F79EFBC}") = "SysInformationExample", "_Examples\SysInformationExample\SysInformationExample.csproj", "{01B7AD4E-E207-48A7-8250-6CCEA078569E}"
EndProject
Project("{2150E333-8FDC-42A3-9474-1A3956D46DE8}") = "XamarinPrismApp", "XamarinPrismApp", "{98193876-DFB1-4D75-8E1F-C83765AD2399}"
EndProject
Project("{9A19103F-16F7-4668-BE54-9A1E7A4F7556}") = "XamarinPrismApp", "_Examples\XamarinPrismApp\XamarinPrismApp\XamarinPrismApp\XamarinPrismApp.csproj", "{4B96A366-3E73-448E-88F0-DBEFF3B43D6E}"
EndProject
Project("{FAE04EC0-301F-11D3-BF4B-00C04F79EFBC}") = "XamarinPrismApp.Android", "_Examples\XamarinPrismApp\XamarinPrismApp\XamarinPrismApp.Android\XamarinPrismApp.Android.csproj", "{AFD09C92-7CC5-42A7-A242-5E3FB2EADF08}"
EndProject
Project("{9A19103F-16F7-4668-BE54-9A1E7A4F7556}") = "XamarinPrismApp.DataAccess", "_Examples\XamarinPrismApp\XamarinPrismApp.DataAccess\XamarinPrismApp.DataAccess.csproj", "{4679B54A-8929-48A2-AA04-89A17730BA1A}"
EndProject
Project("{FAE04EC0-301F-11D3-BF4B-00C04F79EFBC}") = "JToolbox.DbAccess", "Misc\JToolbox.DbAccess\JToolbox.DbAccess.csproj", "{52664123-E8BC-4725-BF5E-A83175C86572}"
EndProject
Project("{2150E333-8FDC-42A3-9474-1A3956D46DE8}") = "_Tests", "_Tests", "{7F80EB00-0C85-41F3-AB38-AD6DF07F252B}"
EndProject
Project("{FAE04EC0-301F-11D3-BF4B-00C04F79EFBC}") = "JToolbox.Core.Tests", "_Tests\JToolbox.Core.Tests\JToolbox.Core.Tests.csproj", "{9FEE9451-06CC-4E32-8048-1FE8AD7DFD2E}"
EndProject
Project("{FAE04EC0-301F-11D3-BF4B-00C04F79EFBC}") = "WpfMvvmDragDrop", "_Examples\WpfMvvmDragDrop\WpfMvvmDragDrop.csproj", "{A6B633D5-AE1A-4950-BDBB-0C6C43DAECA8}"
EndProject
Project("{FAE04EC0-301F-11D3-BF4B-00C04F79EFBC}") = "ParallelHelperTest", "_Examples\ParallelHelperTest\ParallelHelperTest.csproj", "{5811FBF1-212C-474B-8426-82B53F0B148C}"
EndProject
Global
	GlobalSection(SolutionConfigurationPlatforms) = preSolution
		Debug_WithoutXamarin|Any CPU = Debug_WithoutXamarin|Any CPU
		Debug|Any CPU = Debug|Any CPU
		Release|Any CPU = Release|Any CPU
	EndGlobalSection
	GlobalSection(ProjectConfigurationPlatforms) = postSolution
		{8DBEE967-3286-4CDA-9FCB-9539346E55F7}.Debug_WithoutXamarin|Any CPU.ActiveCfg = Debug|Any CPU
		{8DBEE967-3286-4CDA-9FCB-9539346E55F7}.Debug_WithoutXamarin|Any CPU.Build.0 = Debug|Any CPU
		{8DBEE967-3286-4CDA-9FCB-9539346E55F7}.Debug|Any CPU.ActiveCfg = Debug|Any CPU
		{8DBEE967-3286-4CDA-9FCB-9539346E55F7}.Debug|Any CPU.Build.0 = Debug|Any CPU
		{8DBEE967-3286-4CDA-9FCB-9539346E55F7}.Release|Any CPU.ActiveCfg = Release|Any CPU
		{8DBEE967-3286-4CDA-9FCB-9539346E55F7}.Release|Any CPU.Build.0 = Release|Any CPU
		{96B36DCD-DC5C-4FB9-B967-D6748AFE5563}.Debug_WithoutXamarin|Any CPU.ActiveCfg = Debug|Any CPU
		{96B36DCD-DC5C-4FB9-B967-D6748AFE5563}.Debug|Any CPU.ActiveCfg = Debug|Any CPU
		{96B36DCD-DC5C-4FB9-B967-D6748AFE5563}.Debug|Any CPU.Build.0 = Debug|Any CPU
		{96B36DCD-DC5C-4FB9-B967-D6748AFE5563}.Release|Any CPU.ActiveCfg = Release|Any CPU
		{96B36DCD-DC5C-4FB9-B967-D6748AFE5563}.Release|Any CPU.Build.0 = Release|Any CPU
		{F83D8AD5-9A6C-43B5-ABE6-7F9E1AC53283}.Debug_WithoutXamarin|Any CPU.ActiveCfg = Debug|Any CPU
		{F83D8AD5-9A6C-43B5-ABE6-7F9E1AC53283}.Debug|Any CPU.ActiveCfg = Debug|Any CPU
		{F83D8AD5-9A6C-43B5-ABE6-7F9E1AC53283}.Debug|Any CPU.Build.0 = Debug|Any CPU
		{F83D8AD5-9A6C-43B5-ABE6-7F9E1AC53283}.Release|Any CPU.ActiveCfg = Release|Any CPU
		{F83D8AD5-9A6C-43B5-ABE6-7F9E1AC53283}.Release|Any CPU.Build.0 = Release|Any CPU
		{7314B3A3-2094-449C-A38B-2FD3DB908167}.Debug_WithoutXamarin|Any CPU.ActiveCfg = Debug|Any CPU
		{7314B3A3-2094-449C-A38B-2FD3DB908167}.Debug|Any CPU.ActiveCfg = Debug|Any CPU
		{7314B3A3-2094-449C-A38B-2FD3DB908167}.Debug|Any CPU.Build.0 = Debug|Any CPU
		{7314B3A3-2094-449C-A38B-2FD3DB908167}.Release|Any CPU.ActiveCfg = Release|Any CPU
		{7314B3A3-2094-449C-A38B-2FD3DB908167}.Release|Any CPU.Build.0 = Release|Any CPU
		{D4B3F73C-29FD-40A7-9508-34C980DD2E29}.Debug_WithoutXamarin|Any CPU.ActiveCfg = Debug|Any CPU
		{D4B3F73C-29FD-40A7-9508-34C980DD2E29}.Debug|Any CPU.ActiveCfg = Debug|Any CPU
		{D4B3F73C-29FD-40A7-9508-34C980DD2E29}.Debug|Any CPU.Build.0 = Debug|Any CPU
		{D4B3F73C-29FD-40A7-9508-34C980DD2E29}.Release|Any CPU.ActiveCfg = Release|Any CPU
		{D4B3F73C-29FD-40A7-9508-34C980DD2E29}.Release|Any CPU.Build.0 = Release|Any CPU
		{547023B9-8E27-479E-B0D3-D4BF87864728}.Debug_WithoutXamarin|Any CPU.ActiveCfg = Debug|Any CPU
		{547023B9-8E27-479E-B0D3-D4BF87864728}.Debug|Any CPU.ActiveCfg = Debug|Any CPU
		{547023B9-8E27-479E-B0D3-D4BF87864728}.Debug|Any CPU.Build.0 = Debug|Any CPU
		{547023B9-8E27-479E-B0D3-D4BF87864728}.Release|Any CPU.ActiveCfg = Release|Any CPU
		{547023B9-8E27-479E-B0D3-D4BF87864728}.Release|Any CPU.Build.0 = Release|Any CPU
		{DBAD9875-65DC-4A88-B8D5-CAF261BC28DC}.Debug_WithoutXamarin|Any CPU.ActiveCfg = Debug|Any CPU
		{DBAD9875-65DC-4A88-B8D5-CAF261BC28DC}.Debug_WithoutXamarin|Any CPU.Build.0 = Debug|Any CPU
		{DBAD9875-65DC-4A88-B8D5-CAF261BC28DC}.Debug|Any CPU.ActiveCfg = Debug|Any CPU
		{DBAD9875-65DC-4A88-B8D5-CAF261BC28DC}.Debug|Any CPU.Build.0 = Debug|Any CPU
		{DBAD9875-65DC-4A88-B8D5-CAF261BC28DC}.Release|Any CPU.ActiveCfg = Release|Any CPU
		{DBAD9875-65DC-4A88-B8D5-CAF261BC28DC}.Release|Any CPU.Build.0 = Release|Any CPU
		{56BEE9B3-2FCB-46E7-A837-D07F0BFCBD98}.Debug_WithoutXamarin|Any CPU.ActiveCfg = Debug|Any CPU
		{56BEE9B3-2FCB-46E7-A837-D07F0BFCBD98}.Debug_WithoutXamarin|Any CPU.Build.0 = Debug|Any CPU
		{56BEE9B3-2FCB-46E7-A837-D07F0BFCBD98}.Debug|Any CPU.ActiveCfg = Debug|Any CPU
		{56BEE9B3-2FCB-46E7-A837-D07F0BFCBD98}.Debug|Any CPU.Build.0 = Debug|Any CPU
		{56BEE9B3-2FCB-46E7-A837-D07F0BFCBD98}.Release|Any CPU.ActiveCfg = Release|Any CPU
		{56BEE9B3-2FCB-46E7-A837-D07F0BFCBD98}.Release|Any CPU.Build.0 = Release|Any CPU
		{9594D7EE-C5D6-4F07-8F3E-63B7C83E21D0}.Debug_WithoutXamarin|Any CPU.ActiveCfg = Debug|Any CPU
		{9594D7EE-C5D6-4F07-8F3E-63B7C83E21D0}.Debug_WithoutXamarin|Any CPU.Build.0 = Debug|Any CPU
		{9594D7EE-C5D6-4F07-8F3E-63B7C83E21D0}.Debug|Any CPU.ActiveCfg = Debug|Any CPU
		{9594D7EE-C5D6-4F07-8F3E-63B7C83E21D0}.Debug|Any CPU.Build.0 = Debug|Any CPU
		{9594D7EE-C5D6-4F07-8F3E-63B7C83E21D0}.Release|Any CPU.ActiveCfg = Release|Any CPU
		{9594D7EE-C5D6-4F07-8F3E-63B7C83E21D0}.Release|Any CPU.Build.0 = Release|Any CPU
		{44CE1158-08AB-452E-ABCD-C6E305E1A01A}.Debug_WithoutXamarin|Any CPU.ActiveCfg = Debug|Any CPU
		{44CE1158-08AB-452E-ABCD-C6E305E1A01A}.Debug_WithoutXamarin|Any CPU.Build.0 = Debug|Any CPU
		{44CE1158-08AB-452E-ABCD-C6E305E1A01A}.Debug|Any CPU.ActiveCfg = Debug|Any CPU
		{44CE1158-08AB-452E-ABCD-C6E305E1A01A}.Debug|Any CPU.Build.0 = Debug|Any CPU
		{44CE1158-08AB-452E-ABCD-C6E305E1A01A}.Release|Any CPU.ActiveCfg = Release|Any CPU
		{44CE1158-08AB-452E-ABCD-C6E305E1A01A}.Release|Any CPU.Build.0 = Release|Any CPU
		{F91C51E8-EEE9-405D-8D53-1BD1A8B462A9}.Debug_WithoutXamarin|Any CPU.ActiveCfg = Debug|Any CPU
		{F91C51E8-EEE9-405D-8D53-1BD1A8B462A9}.Debug_WithoutXamarin|Any CPU.Build.0 = Debug|Any CPU
		{F91C51E8-EEE9-405D-8D53-1BD1A8B462A9}.Debug|Any CPU.ActiveCfg = Debug|Any CPU
		{F91C51E8-EEE9-405D-8D53-1BD1A8B462A9}.Debug|Any CPU.Build.0 = Debug|Any CPU
		{F91C51E8-EEE9-405D-8D53-1BD1A8B462A9}.Release|Any CPU.ActiveCfg = Release|Any CPU
		{F91C51E8-EEE9-405D-8D53-1BD1A8B462A9}.Release|Any CPU.Build.0 = Release|Any CPU
		{236252FE-AA5D-434F-87EA-1342C5B6E3B9}.Debug_WithoutXamarin|Any CPU.ActiveCfg = Debug|Any CPU
		{236252FE-AA5D-434F-87EA-1342C5B6E3B9}.Debug_WithoutXamarin|Any CPU.Build.0 = Debug|Any CPU
		{236252FE-AA5D-434F-87EA-1342C5B6E3B9}.Debug|Any CPU.ActiveCfg = Debug|Any CPU
		{236252FE-AA5D-434F-87EA-1342C5B6E3B9}.Debug|Any CPU.Build.0 = Debug|Any CPU
		{236252FE-AA5D-434F-87EA-1342C5B6E3B9}.Release|Any CPU.ActiveCfg = Release|Any CPU
		{236252FE-AA5D-434F-87EA-1342C5B6E3B9}.Release|Any CPU.Build.0 = Release|Any CPU
		{13B155D2-6DB7-4D91-905A-A1162F8585CC}.Debug_WithoutXamarin|Any CPU.ActiveCfg = Debug|Any CPU
		{13B155D2-6DB7-4D91-905A-A1162F8585CC}.Debug_WithoutXamarin|Any CPU.Build.0 = Debug|Any CPU
		{13B155D2-6DB7-4D91-905A-A1162F8585CC}.Debug|Any CPU.ActiveCfg = Debug|Any CPU
		{13B155D2-6DB7-4D91-905A-A1162F8585CC}.Debug|Any CPU.Build.0 = Debug|Any CPU
		{13B155D2-6DB7-4D91-905A-A1162F8585CC}.Release|Any CPU.ActiveCfg = Release|Any CPU
		{13B155D2-6DB7-4D91-905A-A1162F8585CC}.Release|Any CPU.Build.0 = Release|Any CPU
		{50535EF8-BCD8-44E9-8284-260A6B6D07AC}.Debug_WithoutXamarin|Any CPU.ActiveCfg = Debug|Any CPU
		{50535EF8-BCD8-44E9-8284-260A6B6D07AC}.Debug_WithoutXamarin|Any CPU.Build.0 = Debug|Any CPU
		{50535EF8-BCD8-44E9-8284-260A6B6D07AC}.Debug|Any CPU.ActiveCfg = Debug|Any CPU
		{50535EF8-BCD8-44E9-8284-260A6B6D07AC}.Debug|Any CPU.Build.0 = Debug|Any CPU
		{50535EF8-BCD8-44E9-8284-260A6B6D07AC}.Release|Any CPU.ActiveCfg = Release|Any CPU
		{50535EF8-BCD8-44E9-8284-260A6B6D07AC}.Release|Any CPU.Build.0 = Release|Any CPU
		{CF99A19A-340B-422A-ACDE-7FA570C3FD28}.Debug_WithoutXamarin|Any CPU.ActiveCfg = Debug|Any CPU
		{CF99A19A-340B-422A-ACDE-7FA570C3FD28}.Debug_WithoutXamarin|Any CPU.Build.0 = Debug|Any CPU
		{CF99A19A-340B-422A-ACDE-7FA570C3FD28}.Debug|Any CPU.ActiveCfg = Debug|Any CPU
		{CF99A19A-340B-422A-ACDE-7FA570C3FD28}.Debug|Any CPU.Build.0 = Debug|Any CPU
		{CF99A19A-340B-422A-ACDE-7FA570C3FD28}.Release|Any CPU.ActiveCfg = Release|Any CPU
		{CF99A19A-340B-422A-ACDE-7FA570C3FD28}.Release|Any CPU.Build.0 = Release|Any CPU
		{7519097D-59FF-4717-A043-C083A7AA9A5D}.Debug_WithoutXamarin|Any CPU.ActiveCfg = Debug|Any CPU
		{7519097D-59FF-4717-A043-C083A7AA9A5D}.Debug_WithoutXamarin|Any CPU.Build.0 = Debug|Any CPU
		{7519097D-59FF-4717-A043-C083A7AA9A5D}.Debug|Any CPU.ActiveCfg = Debug|Any CPU
		{7519097D-59FF-4717-A043-C083A7AA9A5D}.Debug|Any CPU.Build.0 = Debug|Any CPU
		{7519097D-59FF-4717-A043-C083A7AA9A5D}.Release|Any CPU.ActiveCfg = Release|Any CPU
		{7519097D-59FF-4717-A043-C083A7AA9A5D}.Release|Any CPU.Build.0 = Release|Any CPU
		{7ACE141D-B773-41AB-A8DC-467D98A4C821}.Debug_WithoutXamarin|Any CPU.ActiveCfg = Debug|Any CPU
		{7ACE141D-B773-41AB-A8DC-467D98A4C821}.Debug_WithoutXamarin|Any CPU.Build.0 = Debug|Any CPU
		{7ACE141D-B773-41AB-A8DC-467D98A4C821}.Debug|Any CPU.ActiveCfg = Debug|Any CPU
		{7ACE141D-B773-41AB-A8DC-467D98A4C821}.Debug|Any CPU.Build.0 = Debug|Any CPU
		{7ACE141D-B773-41AB-A8DC-467D98A4C821}.Release|Any CPU.ActiveCfg = Release|Any CPU
		{7ACE141D-B773-41AB-A8DC-467D98A4C821}.Release|Any CPU.Build.0 = Release|Any CPU
		{F49D9D79-F249-4F1B-A421-3958643C24D3}.Debug_WithoutXamarin|Any CPU.ActiveCfg = Debug|Any CPU
		{F49D9D79-F249-4F1B-A421-3958643C24D3}.Debug_WithoutXamarin|Any CPU.Build.0 = Debug|Any CPU
		{F49D9D79-F249-4F1B-A421-3958643C24D3}.Debug|Any CPU.ActiveCfg = Debug|Any CPU
		{F49D9D79-F249-4F1B-A421-3958643C24D3}.Debug|Any CPU.Build.0 = Debug|Any CPU
		{F49D9D79-F249-4F1B-A421-3958643C24D3}.Release|Any CPU.ActiveCfg = Release|Any CPU
		{F49D9D79-F249-4F1B-A421-3958643C24D3}.Release|Any CPU.Build.0 = Release|Any CPU
		{6C758E94-49F4-44DF-9EED-CCAEE56422F0}.Debug_WithoutXamarin|Any CPU.ActiveCfg = Debug|Any CPU
		{6C758E94-49F4-44DF-9EED-CCAEE56422F0}.Debug_WithoutXamarin|Any CPU.Build.0 = Debug|Any CPU
		{6C758E94-49F4-44DF-9EED-CCAEE56422F0}.Debug|Any CPU.ActiveCfg = Debug|Any CPU
		{6C758E94-49F4-44DF-9EED-CCAEE56422F0}.Debug|Any CPU.Build.0 = Debug|Any CPU
		{6C758E94-49F4-44DF-9EED-CCAEE56422F0}.Release|Any CPU.ActiveCfg = Release|Any CPU
		{6C758E94-49F4-44DF-9EED-CCAEE56422F0}.Release|Any CPU.Build.0 = Release|Any CPU
		{1EEC6070-FF4C-4DF1-B831-C615A95E8484}.Debug_WithoutXamarin|Any CPU.ActiveCfg = Debug|Any CPU
		{1EEC6070-FF4C-4DF1-B831-C615A95E8484}.Debug|Any CPU.ActiveCfg = Debug|Any CPU
		{1EEC6070-FF4C-4DF1-B831-C615A95E8484}.Debug|Any CPU.Build.0 = Debug|Any CPU
		{1EEC6070-FF4C-4DF1-B831-C615A95E8484}.Debug|Any CPU.Deploy.0 = Debug|Any CPU
		{1EEC6070-FF4C-4DF1-B831-C615A95E8484}.Release|Any CPU.ActiveCfg = Release|Any CPU
		{1EEC6070-FF4C-4DF1-B831-C615A95E8484}.Release|Any CPU.Build.0 = Release|Any CPU
		{6E0E9FB7-8FF0-436A-9873-177E6FD1917C}.Debug_WithoutXamarin|Any CPU.ActiveCfg = Debug|Any CPU
		{6E0E9FB7-8FF0-436A-9873-177E6FD1917C}.Debug|Any CPU.ActiveCfg = Debug|Any CPU
		{6E0E9FB7-8FF0-436A-9873-177E6FD1917C}.Debug|Any CPU.Build.0 = Debug|Any CPU
		{6E0E9FB7-8FF0-436A-9873-177E6FD1917C}.Release|Any CPU.ActiveCfg = Release|Any CPU
		{6E0E9FB7-8FF0-436A-9873-177E6FD1917C}.Release|Any CPU.Build.0 = Release|Any CPU
		{2D5C04E5-A948-4D05-969A-B186EAFA9947}.Debug_WithoutXamarin|Any CPU.ActiveCfg = Debug|Any CPU
		{2D5C04E5-A948-4D05-969A-B186EAFA9947}.Debug|Any CPU.ActiveCfg = Debug|Any CPU
		{2D5C04E5-A948-4D05-969A-B186EAFA9947}.Debug|Any CPU.Build.0 = Debug|Any CPU
		{2D5C04E5-A948-4D05-969A-B186EAFA9947}.Release|Any CPU.ActiveCfg = Release|Any CPU
		{2D5C04E5-A948-4D05-969A-B186EAFA9947}.Release|Any CPU.Build.0 = Release|Any CPU
		{CBB3483C-E930-4377-B249-84E58167FA19}.Debug_WithoutXamarin|Any CPU.ActiveCfg = Debug|Any CPU
		{CBB3483C-E930-4377-B249-84E58167FA19}.Debug_WithoutXamarin|Any CPU.Build.0 = Debug|Any CPU
		{CBB3483C-E930-4377-B249-84E58167FA19}.Debug|Any CPU.ActiveCfg = Debug|Any CPU
		{CBB3483C-E930-4377-B249-84E58167FA19}.Debug|Any CPU.Build.0 = Debug|Any CPU
		{CBB3483C-E930-4377-B249-84E58167FA19}.Release|Any CPU.ActiveCfg = Release|Any CPU
		{CBB3483C-E930-4377-B249-84E58167FA19}.Release|Any CPU.Build.0 = Release|Any CPU
		{28DB81D4-1F5E-407A-966C-3F3922C9D586}.Debug_WithoutXamarin|Any CPU.ActiveCfg = Debug|Any CPU
		{28DB81D4-1F5E-407A-966C-3F3922C9D586}.Debug_WithoutXamarin|Any CPU.Build.0 = Debug|Any CPU
		{28DB81D4-1F5E-407A-966C-3F3922C9D586}.Debug|Any CPU.ActiveCfg = Debug|Any CPU
		{28DB81D4-1F5E-407A-966C-3F3922C9D586}.Debug|Any CPU.Build.0 = Debug|Any CPU
		{28DB81D4-1F5E-407A-966C-3F3922C9D586}.Release|Any CPU.ActiveCfg = Release|Any CPU
		{28DB81D4-1F5E-407A-966C-3F3922C9D586}.Release|Any CPU.Build.0 = Release|Any CPU
		{30A70E94-E5C1-43AE-A085-0B162228D1AB}.Debug_WithoutXamarin|Any CPU.ActiveCfg = Debug|Any CPU
		{30A70E94-E5C1-43AE-A085-0B162228D1AB}.Debug_WithoutXamarin|Any CPU.Build.0 = Debug|Any CPU
		{30A70E94-E5C1-43AE-A085-0B162228D1AB}.Debug|Any CPU.ActiveCfg = Debug|Any CPU
		{30A70E94-E5C1-43AE-A085-0B162228D1AB}.Debug|Any CPU.Build.0 = Debug|Any CPU
		{30A70E94-E5C1-43AE-A085-0B162228D1AB}.Release|Any CPU.ActiveCfg = Release|Any CPU
		{30A70E94-E5C1-43AE-A085-0B162228D1AB}.Release|Any CPU.Build.0 = Release|Any CPU
		{D709E177-61B4-4761-9A5D-0DB55EAFE48D}.Debug_WithoutXamarin|Any CPU.ActiveCfg = Debug|Any CPU
		{D709E177-61B4-4761-9A5D-0DB55EAFE48D}.Debug_WithoutXamarin|Any CPU.Build.0 = Debug|Any CPU
		{D709E177-61B4-4761-9A5D-0DB55EAFE48D}.Debug|Any CPU.ActiveCfg = Debug|Any CPU
		{D709E177-61B4-4761-9A5D-0DB55EAFE48D}.Debug|Any CPU.Build.0 = Debug|Any CPU
		{D709E177-61B4-4761-9A5D-0DB55EAFE48D}.Release|Any CPU.ActiveCfg = Release|Any CPU
		{D709E177-61B4-4761-9A5D-0DB55EAFE48D}.Release|Any CPU.Build.0 = Release|Any CPU
		{01B7AD4E-E207-48A7-8250-6CCEA078569E}.Debug_WithoutXamarin|Any CPU.ActiveCfg = Debug|Any CPU
		{01B7AD4E-E207-48A7-8250-6CCEA078569E}.Debug_WithoutXamarin|Any CPU.Build.0 = Debug|Any CPU
		{01B7AD4E-E207-48A7-8250-6CCEA078569E}.Debug|Any CPU.ActiveCfg = Debug|Any CPU
		{01B7AD4E-E207-48A7-8250-6CCEA078569E}.Debug|Any CPU.Build.0 = Debug|Any CPU
		{01B7AD4E-E207-48A7-8250-6CCEA078569E}.Release|Any CPU.ActiveCfg = Release|Any CPU
		{01B7AD4E-E207-48A7-8250-6CCEA078569E}.Release|Any CPU.Build.0 = Release|Any CPU
		{4B96A366-3E73-448E-88F0-DBEFF3B43D6E}.Debug_WithoutXamarin|Any CPU.ActiveCfg = Debug|Any CPU
		{4B96A366-3E73-448E-88F0-DBEFF3B43D6E}.Debug|Any CPU.ActiveCfg = Debug|Any CPU
		{4B96A366-3E73-448E-88F0-DBEFF3B43D6E}.Debug|Any CPU.Build.0 = Debug|Any CPU
		{4B96A366-3E73-448E-88F0-DBEFF3B43D6E}.Release|Any CPU.ActiveCfg = Release|Any CPU
		{4B96A366-3E73-448E-88F0-DBEFF3B43D6E}.Release|Any CPU.Build.0 = Release|Any CPU
		{AFD09C92-7CC5-42A7-A242-5E3FB2EADF08}.Debug_WithoutXamarin|Any CPU.ActiveCfg = Debug|Any CPU
		{AFD09C92-7CC5-42A7-A242-5E3FB2EADF08}.Debug|Any CPU.ActiveCfg = Debug|Any CPU
		{AFD09C92-7CC5-42A7-A242-5E3FB2EADF08}.Debug|Any CPU.Build.0 = Debug|Any CPU
		{AFD09C92-7CC5-42A7-A242-5E3FB2EADF08}.Debug|Any CPU.Deploy.0 = Debug|Any CPU
		{AFD09C92-7CC5-42A7-A242-5E3FB2EADF08}.Release|Any CPU.ActiveCfg = Release|Any CPU
		{AFD09C92-7CC5-42A7-A242-5E3FB2EADF08}.Release|Any CPU.Build.0 = Release|Any CPU
		{4679B54A-8929-48A2-AA04-89A17730BA1A}.Debug_WithoutXamarin|Any CPU.ActiveCfg = Debug|Any CPU
		{4679B54A-8929-48A2-AA04-89A17730BA1A}.Debug|Any CPU.ActiveCfg = Debug|Any CPU
		{4679B54A-8929-48A2-AA04-89A17730BA1A}.Debug|Any CPU.Build.0 = Debug|Any CPU
		{4679B54A-8929-48A2-AA04-89A17730BA1A}.Release|Any CPU.ActiveCfg = Release|Any CPU
		{4679B54A-8929-48A2-AA04-89A17730BA1A}.Release|Any CPU.Build.0 = Release|Any CPU
		{52664123-E8BC-4725-BF5E-A83175C86572}.Debug_WithoutXamarin|Any CPU.ActiveCfg = Debug|Any CPU
		{52664123-E8BC-4725-BF5E-A83175C86572}.Debug_WithoutXamarin|Any CPU.Build.0 = Debug|Any CPU
		{52664123-E8BC-4725-BF5E-A83175C86572}.Debug|Any CPU.ActiveCfg = Debug|Any CPU
		{52664123-E8BC-4725-BF5E-A83175C86572}.Debug|Any CPU.Build.0 = Debug|Any CPU
		{52664123-E8BC-4725-BF5E-A83175C86572}.Release|Any CPU.ActiveCfg = Release|Any CPU
		{52664123-E8BC-4725-BF5E-A83175C86572}.Release|Any CPU.Build.0 = Release|Any CPU
		{9FEE9451-06CC-4E32-8048-1FE8AD7DFD2E}.Debug_WithoutXamarin|Any CPU.ActiveCfg = Debug|Any CPU
		{9FEE9451-06CC-4E32-8048-1FE8AD7DFD2E}.Debug_WithoutXamarin|Any CPU.Build.0 = Debug|Any CPU
		{9FEE9451-06CC-4E32-8048-1FE8AD7DFD2E}.Debug|Any CPU.ActiveCfg = Debug|Any CPU
		{9FEE9451-06CC-4E32-8048-1FE8AD7DFD2E}.Debug|Any CPU.Build.0 = Debug|Any CPU
		{9FEE9451-06CC-4E32-8048-1FE8AD7DFD2E}.Release|Any CPU.ActiveCfg = Release|Any CPU
		{9FEE9451-06CC-4E32-8048-1FE8AD7DFD2E}.Release|Any CPU.Build.0 = Release|Any CPU
		{A6B633D5-AE1A-4950-BDBB-0C6C43DAECA8}.Debug_WithoutXamarin|Any CPU.ActiveCfg = Debug|Any CPU
		{A6B633D5-AE1A-4950-BDBB-0C6C43DAECA8}.Debug_WithoutXamarin|Any CPU.Build.0 = Debug|Any CPU
		{A6B633D5-AE1A-4950-BDBB-0C6C43DAECA8}.Debug|Any CPU.ActiveCfg = Debug|Any CPU
		{A6B633D5-AE1A-4950-BDBB-0C6C43DAECA8}.Debug|Any CPU.Build.0 = Debug|Any CPU
		{A6B633D5-AE1A-4950-BDBB-0C6C43DAECA8}.Release|Any CPU.ActiveCfg = Release|Any CPU
		{A6B633D5-AE1A-4950-BDBB-0C6C43DAECA8}.Release|Any CPU.Build.0 = Release|Any CPU
		{5811FBF1-212C-474B-8426-82B53F0B148C}.Debug_WithoutXamarin|Any CPU.ActiveCfg = Debug|Any CPU
		{5811FBF1-212C-474B-8426-82B53F0B148C}.Debug_WithoutXamarin|Any CPU.Build.0 = Debug|Any CPU
		{5811FBF1-212C-474B-8426-82B53F0B148C}.Debug|Any CPU.ActiveCfg = Debug|Any CPU
		{5811FBF1-212C-474B-8426-82B53F0B148C}.Debug|Any CPU.Build.0 = Debug|Any CPU
		{5811FBF1-212C-474B-8426-82B53F0B148C}.Release|Any CPU.ActiveCfg = Release|Any CPU
		{5811FBF1-212C-474B-8426-82B53F0B148C}.Release|Any CPU.Build.0 = Release|Any CPU
	EndGlobalSection
	GlobalSection(SolutionProperties) = preSolution
		HideSolutionNode = FALSE
	EndGlobalSection
	GlobalSection(NestedProjects) = preSolution
		{96B36DCD-DC5C-4FB9-B967-D6748AFE5563} = {2E96F55B-C0E2-415F-ADA4-E2136453541B}
		{F83D8AD5-9A6C-43B5-ABE6-7F9E1AC53283} = {2E96F55B-C0E2-415F-ADA4-E2136453541B}
		{7314B3A3-2094-449C-A38B-2FD3DB908167} = {2E96F55B-C0E2-415F-ADA4-E2136453541B}
		{D4B3F73C-29FD-40A7-9508-34C980DD2E29} = {2E96F55B-C0E2-415F-ADA4-E2136453541B}
		{547023B9-8E27-479E-B0D3-D4BF87864728} = {2E96F55B-C0E2-415F-ADA4-E2136453541B}
		{DBAD9875-65DC-4A88-B8D5-CAF261BC28DC} = {808DA760-399E-40AC-A6EA-2229B0EEC6E6}
		{56BEE9B3-2FCB-46E7-A837-D07F0BFCBD98} = {594FEA26-AC2E-4034-B7B6-6235565C8CA4}
		{9594D7EE-C5D6-4F07-8F3E-63B7C83E21D0} = {594FEA26-AC2E-4034-B7B6-6235565C8CA4}
		{44CE1158-08AB-452E-ABCD-C6E305E1A01A} = {594FEA26-AC2E-4034-B7B6-6235565C8CA4}
		{F91C51E8-EEE9-405D-8D53-1BD1A8B462A9} = {59910F8D-01EB-4ADD-8304-F477A5164232}
		{236252FE-AA5D-434F-87EA-1342C5B6E3B9} = {594FEA26-AC2E-4034-B7B6-6235565C8CA4}
		{13B155D2-6DB7-4D91-905A-A1162F8585CC} = {15AB325A-A9D7-43D9-910F-457DBB7C44BF}
		{50535EF8-BCD8-44E9-8284-260A6B6D07AC} = {15AB325A-A9D7-43D9-910F-457DBB7C44BF}
		{CF99A19A-340B-422A-ACDE-7FA570C3FD28} = {C4BCC20D-23EA-4A1D-8979-D3B75BBD08D5}
		{7519097D-59FF-4717-A043-C083A7AA9A5D} = {59910F8D-01EB-4ADD-8304-F477A5164232}
		{7ACE141D-B773-41AB-A8DC-467D98A4C821} = {15AB325A-A9D7-43D9-910F-457DBB7C44BF}
		{F49D9D79-F249-4F1B-A421-3958643C24D3} = {15AB325A-A9D7-43D9-910F-457DBB7C44BF}
		{6C758E94-49F4-44DF-9EED-CCAEE56422F0} = {15AB325A-A9D7-43D9-910F-457DBB7C44BF}
		{1EEC6070-FF4C-4DF1-B831-C615A95E8484} = {2E96F55B-C0E2-415F-ADA4-E2136453541B}
		{6E0E9FB7-8FF0-436A-9873-177E6FD1917C} = {2E96F55B-C0E2-415F-ADA4-E2136453541B}
		{2D5C04E5-A948-4D05-969A-B186EAFA9947} = {2E96F55B-C0E2-415F-ADA4-E2136453541B}
		{6215D2AB-45BD-49DD-9C3D-0B7C36FB4350} = {A0178720-9333-4457-A2F3-65C5F4E3BB42}
		{CBB3483C-E930-4377-B249-84E58167FA19} = {6215D2AB-45BD-49DD-9C3D-0B7C36FB4350}
		{28DB81D4-1F5E-407A-966C-3F3922C9D586} = {6215D2AB-45BD-49DD-9C3D-0B7C36FB4350}
		{30A70E94-E5C1-43AE-A085-0B162228D1AB} = {6215D2AB-45BD-49DD-9C3D-0B7C36FB4350}
		{D709E177-61B4-4761-9A5D-0DB55EAFE48D} = {15AB325A-A9D7-43D9-910F-457DBB7C44BF}
		{01B7AD4E-E207-48A7-8250-6CCEA078569E} = {A0178720-9333-4457-A2F3-65C5F4E3BB42}
		{98193876-DFB1-4D75-8E1F-C83765AD2399} = {A0178720-9333-4457-A2F3-65C5F4E3BB42}
		{4B96A366-3E73-448E-88F0-DBEFF3B43D6E} = {98193876-DFB1-4D75-8E1F-C83765AD2399}
		{AFD09C92-7CC5-42A7-A242-5E3FB2EADF08} = {98193876-DFB1-4D75-8E1F-C83765AD2399}
		{4679B54A-8929-48A2-AA04-89A17730BA1A} = {98193876-DFB1-4D75-8E1F-C83765AD2399}
		{52664123-E8BC-4725-BF5E-A83175C86572} = {15AB325A-A9D7-43D9-910F-457DBB7C44BF}
		{9FEE9451-06CC-4E32-8048-1FE8AD7DFD2E} = {7F80EB00-0C85-41F3-AB38-AD6DF07F252B}
		{A6B633D5-AE1A-4950-BDBB-0C6C43DAECA8} = {A0178720-9333-4457-A2F3-65C5F4E3BB42}
		{5811FBF1-212C-474B-8426-82B53F0B148C} = {A0178720-9333-4457-A2F3-65C5F4E3BB42}
	EndGlobalSection
	GlobalSection(ExtensibilityGlobals) = postSolution
		SolutionGuid = {F77593C8-3581-45F1-852E-25A85CC68565}
	EndGlobalSection
EndGlobal
